
Microsoft Visual Studio Solution File, Format Version 12.00
# Visual Studio Version 17
VisualStudioVersion = 17.0.31903.59
MinimumVisualStudioVersion = 10.0.40219.1
Project("{FAE04EC0-301F-11D3-BF4B-00C04F79EFBC}") = "Infra.Api", "Infra.Api\Infra.Api.csproj", "{9C156780-0117-4D8B-9412-D3D9F65D6E23}"
EndProject
Project("{FAE04EC0-301F-11D3-BF4B-00C04F79EFBC}") = "Application", "Application\Application.csproj", "{1F007A38-270E-428C-9B77-477C9A673CC2}"
EndProject
Project("{FAE04EC0-301F-11D3-BF4B-00C04F79EFBC}") = "Domain", "Domain\Domain.csproj", "{129E4601-5A8F-4D74-9EB0-DD890E094E95}"
EndProject
Project("{FAE04EC0-301F-11D3-BF4B-00C04F79EFBC}") = "Infra.Data.DB", "Infra.Data.DB\Infra.Data.DB.csproj", "{F9E1F009-5459-41EC-ACB8-9073FC56AE07}"
EndProject
Project("{E53339B2-1760-4266-BCC7-CA923CBCF16C}") = "docker-compose", "docker-compose.dcproj", "{81DDED9D-158B-E303-5F62-77A2896D2A5A}"
EndProject
Project("{FAE04EC0-301F-11D3-BF4B-00C04F79EFBC}") = "Unit", "Unit\Unit.csproj", "{F2F2D8FB-27A3-515F-AFE2-89B69DDBACCF}"
EndProject
Global
	GlobalSection(SolutionConfigurationPlatforms) = preSolution
		Debug|Any CPU = Debug|Any CPU
		Debug|x64 = Debug|x64
		Debug|x86 = Debug|x86
		Release|Any CPU = Release|Any CPU
		Release|x64 = Release|x64
		Release|x86 = Release|x86
	EndGlobalSection
	GlobalSection(ProjectConfigurationPlatforms) = postSolution
		{9C156780-0117-4D8B-9412-D3D9F65D6E23}.Debug|Any CPU.ActiveCfg = Debug|Any CPU
		{9C156780-0117-4D8B-9412-D3D9F65D6E23}.Debug|Any CPU.Build.0 = Debug|Any CPU
		{9C156780-0117-4D8B-9412-D3D9F65D6E23}.Debug|x64.ActiveCfg = Debug|Any CPU
		{9C156780-0117-4D8B-9412-D3D9F65D6E23}.Debug|x64.Build.0 = Debug|Any CPU
		{9C156780-0117-4D8B-9412-D3D9F65D6E23}.Debug|x86.ActiveCfg = Debug|Any CPU
		{9C156780-0117-4D8B-9412-D3D9F65D6E23}.Debug|x86.Build.0 = Debug|Any CPU
		{9C156780-0117-4D8B-9412-D3D9F65D6E23}.Release|Any CPU.ActiveCfg = Release|Any CPU
		{9C156780-0117-4D8B-9412-D3D9F65D6E23}.Release|Any CPU.Build.0 = Release|Any CPU
		{9C156780-0117-4D8B-9412-D3D9F65D6E23}.Release|x64.ActiveCfg = Release|Any CPU
		{9C156780-0117-4D8B-9412-D3D9F65D6E23}.Release|x64.Build.0 = Release|Any CPU
		{9C156780-0117-4D8B-9412-D3D9F65D6E23}.Release|x86.ActiveCfg = Release|Any CPU
		{9C156780-0117-4D8B-9412-D3D9F65D6E23}.Release|x86.Build.0 = Release|Any CPU
		{1F007A38-270E-428C-9B77-477C9A673CC2}.Debug|Any CPU.ActiveCfg = Debug|Any CPU
		{1F007A38-270E-428C-9B77-477C9A673CC2}.Debug|Any CPU.Build.0 = Debug|Any CPU
		{1F007A38-270E-428C-9B77-477C9A673CC2}.Debug|x64.ActiveCfg = Debug|Any CPU
		{1F007A38-270E-428C-9B77-477C9A673CC2}.Debug|x64.Build.0 = Debug|Any CPU
		{1F007A38-270E-428C-9B77-477C9A673CC2}.Debug|x86.ActiveCfg = Debug|Any CPU
		{1F007A38-270E-428C-9B77-477C9A673CC2}.Debug|x86.Build.0 = Debug|Any CPU
		{1F007A38-270E-428C-9B77-477C9A673CC2}.Release|Any CPU.ActiveCfg = Release|Any CPU
		{1F007A38-270E-428C-9B77-477C9A673CC2}.Release|Any CPU.Build.0 = Release|Any CPU
		{1F007A38-270E-428C-9B77-477C9A673CC2}.Release|x64.ActiveCfg = Release|Any CPU
		{1F007A38-270E-428C-9B77-477C9A673CC2}.Release|x64.Build.0 = Release|Any CPU
		{1F007A38-270E-428C-9B77-477C9A673CC2}.Release|x86.ActiveCfg = Release|Any CPU
		{1F007A38-270E-428C-9B77-477C9A673CC2}.Release|x86.Build.0 = Release|Any CPU
		{129E4601-5A8F-4D74-9EB0-DD890E094E95}.Debug|Any CPU.ActiveCfg = Debug|Any CPU
		{129E4601-5A8F-4D74-9EB0-DD890E094E95}.Debug|Any CPU.Build.0 = Debug|Any CPU
		{129E4601-5A8F-4D74-9EB0-DD890E094E95}.Debug|x64.ActiveCfg = Debug|Any CPU
		{129E4601-5A8F-4D74-9EB0-DD890E094E95}.Debug|x64.Build.0 = Debug|Any CPU
		{129E4601-5A8F-4D74-9EB0-DD890E094E95}.Debug|x86.ActiveCfg = Debug|Any CPU
		{129E4601-5A8F-4D74-9EB0-DD890E094E95}.Debug|x86.Build.0 = Debug|Any CPU
		{129E4601-5A8F-4D74-9EB0-DD890E094E95}.Release|Any CPU.ActiveCfg = Release|Any CPU
		{129E4601-5A8F-4D74-9EB0-DD890E094E95}.Release|Any CPU.Build.0 = Release|Any CPU
		{129E4601-5A8F-4D74-9EB0-DD890E094E95}.Release|x64.ActiveCfg = Release|Any CPU
		{129E4601-5A8F-4D74-9EB0-DD890E094E95}.Release|x64.Build.0 = Release|Any CPU
		{129E4601-5A8F-4D74-9EB0-DD890E094E95}.Release|x86.ActiveCfg = Release|Any CPU
		{129E4601-5A8F-4D74-9EB0-DD890E094E95}.Release|x86.Build.0 = Release|Any CPU
		{F9E1F009-5459-41EC-ACB8-9073FC56AE07}.Debug|Any CPU.ActiveCfg = Debug|Any CPU
		{F9E1F009-5459-41EC-ACB8-9073FC56AE07}.Debug|Any CPU.Build.0 = Debug|Any CPU
		{F9E1F009-5459-41EC-ACB8-9073FC56AE07}.Debug|x64.ActiveCfg = Debug|Any CPU
		{F9E1F009-5459-41EC-ACB8-9073FC56AE07}.Debug|x64.Build.0 = Debug|Any CPU
		{F9E1F009-5459-41EC-ACB8-9073FC56AE07}.Debug|x86.ActiveCfg = Debug|Any CPU
		{F9E1F009-5459-41EC-ACB8-9073FC56AE07}.Debug|x86.Build.0 = Debug|Any CPU
		{F9E1F009-5459-41EC-ACB8-9073FC56AE07}.Release|Any CPU.ActiveCfg = Release|Any CPU
		{F9E1F009-5459-41EC-ACB8-9073FC56AE07}.Release|Any CPU.Build.0 = Release|Any CPU
		{F9E1F009-5459-41EC-ACB8-9073FC56AE07}.Release|x64.ActiveCfg = Release|Any CPU
		{F9E1F009-5459-41EC-ACB8-9073FC56AE07}.Release|x64.Build.0 = Release|Any CPU
		{F9E1F009-5459-41EC-ACB8-9073FC56AE07}.Release|x86.ActiveCfg = Release|Any CPU
		{F9E1F009-5459-41EC-ACB8-9073FC56AE07}.Release|x86.Build.0 = Release|Any CPU
		{81DDED9D-158B-E303-5F62-77A2896D2A5A}.Debug|Any CPU.ActiveCfg = Debug|Any CPU
		{81DDED9D-158B-E303-5F62-77A2896D2A5A}.Debug|Any CPU.Build.0 = Debug|Any CPU
		{81DDED9D-158B-E303-5F62-77A2896D2A5A}.Debug|x64.ActiveCfg = Debug|Any CPU
		{81DDED9D-158B-E303-5F62-77A2896D2A5A}.Debug|x64.Build.0 = Debug|Any CPU
		{81DDED9D-158B-E303-5F62-77A2896D2A5A}.Debug|x86.ActiveCfg = Debug|Any CPU
		{81DDED9D-158B-E303-5F62-77A2896D2A5A}.Debug|x86.Build.0 = Debug|Any CPU
		{81DDED9D-158B-E303-5F62-77A2896D2A5A}.Release|Any CPU.ActiveCfg = Release|Any CPU
		{81DDED9D-158B-E303-5F62-77A2896D2A5A}.Release|Any CPU.Build.0 = Release|Any CPU
		{81DDED9D-158B-E303-5F62-77A2896D2A5A}.Release|x64.ActiveCfg = Release|Any CPU
		{81DDED9D-158B-E303-5F62-77A2896D2A5A}.Release|x64.Build.0 = Release|Any CPU
		{81DDED9D-158B-E303-5F62-77A2896D2A5A}.Release|x86.ActiveCfg = Release|Any CPU
		{81DDED9D-158B-E303-5F62-77A2896D2A5A}.Release|x86.Build.0 = Release|Any CPU
		{F2F2D8FB-27A3-515F-AFE2-89B69DDBACCF}.Debug|Any CPU.ActiveCfg = Debug|Any CPU
		{F2F2D8FB-27A3-515F-AFE2-89B69DDBACCF}.Debug|Any CPU.Build.0 = Debug|Any CPU
		{F2F2D8FB-27A3-515F-AFE2-89B69DDBACCF}.Debug|x64.ActiveCfg = Debug|Any CPU
		{F2F2D8FB-27A3-515F-AFE2-89B69DDBACCF}.Debug|x64.Build.0 = Debug|Any CPU
		{F2F2D8FB-27A3-515F-AFE2-89B69DDBACCF}.Debug|x86.ActiveCfg = Debug|Any CPU
		{F2F2D8FB-27A3-515F-AFE2-89B69DDBACCF}.Debug|x86.Build.0 = Debug|Any CPU
		{F2F2D8FB-27A3-515F-AFE2-89B69DDBACCF}.Release|Any CPU.ActiveCfg = Release|Any CPU
		{F2F2D8FB-27A3-515F-AFE2-89B69DDBACCF}.Release|Any CPU.Build.0 = Release|Any CPU
		{F2F2D8FB-27A3-515F-AFE2-89B69DDBACCF}.Release|x64.ActiveCfg = Release|Any CPU
		{F2F2D8FB-27A3-515F-AFE2-89B69DDBACCF}.Release|x64.Build.0 = Release|Any CPU
		{F2F2D8FB-27A3-515F-AFE2-89B69DDBACCF}.Release|x86.ActiveCfg = Release|Any CPU
		{F2F2D8FB-27A3-515F-AFE2-89B69DDBACCF}.Release|x86.Build.0 = Release|Any CPU
	EndGlobalSection
	GlobalSection(SolutionProperties) = preSolution
		HideSolutionNode = FALSE
	EndGlobalSection
	GlobalSection(ExtensibilityGlobals) = postSolution
		SolutionGuid = {CD47BF5F-8825-4D7C-AEA5-95A6A0056CF7}
	EndGlobalSection
EndGlobal
